
Microsoft Visual Studio Solution File, Format Version 12.00
# Visual Studio 2012
Project("{FAE04EC0-301F-11D3-BF4B-00C04F79EFBC}") = "01.SortingHomework", "SortingAndSearchingAlgorithms\01.SortingHomework.csproj", "{970A786C-3E2E-4FF0-A1AE-8D1AF614E361}"
EndProject
Project("{FAE04EC0-301F-11D3-BF4B-00C04F79EFBC}") = "02.SortingAndSearchingUnitTests", "UnitTestProject1\02.SortingAndSearchingUnitTests.csproj", "{C235E041-B995-456E-AC81-02BD6815C93D}"
EndProject
Global
	GlobalSection(SolutionConfigurationPlatforms) = preSolution
		Debug|Any CPU = Debug|Any CPU
		Release|Any CPU = Release|Any CPU
	EndGlobalSection
	GlobalSection(ProjectConfigurationPlatforms) = postSolution
		{970A786C-3E2E-4FF0-A1AE-8D1AF614E361}.Debug|Any CPU.ActiveCfg = Debug|Any CPU
		{970A786C-3E2E-4FF0-A1AE-8D1AF614E361}.Debug|Any CPU.Build.0 = Debug|Any CPU
		{970A786C-3E2E-4FF0-A1AE-8D1AF614E361}.Release|Any CPU.ActiveCfg = Release|Any CPU
		{970A786C-3E2E-4FF0-A1AE-8D1AF614E361}.Release|Any CPU.Build.0 = Release|Any CPU
		{C235E041-B995-456E-AC81-02BD6815C93D}.Debug|Any CPU.ActiveCfg = Debug|Any CPU
		{C235E041-B995-456E-AC81-02BD6815C93D}.Debug|Any CPU.Build.0 = Debug|Any CPU
		{C235E041-B995-456E-AC81-02BD6815C93D}.Release|Any CPU.ActiveCfg = Release|Any CPU
		{C235E041-B995-456E-AC81-02BD6815C93D}.Release|Any CPU.Build.0 = Release|Any CPU
	EndGlobalSection
	GlobalSection(SolutionProperties) = preSolution
		HideSolutionNode = FALSE
	EndGlobalSection
EndGlobal
