
Microsoft Visual Studio Solution File, Format Version 12.00
# Visual Studio 2012
Project("{FAE04EC0-301F-11D3-BF4B-00C04F79EFBC}") = "School", "01-03.UnitTesting\School.csproj", "{6DAFDFB2-0036-4326-8282-86B0FB624A39}"
EndProject
Project("{FAE04EC0-301F-11D3-BF4B-00C04F79EFBC}") = "TestSchool", "StudentCourseSchool.Tests\TestSchool.csproj", "{DE89C974-759E-4F5B-86E1-DB40EC9500B2}"
EndProject
Global
	GlobalSection(SolutionConfigurationPlatforms) = preSolution
		Debug|Any CPU = Debug|Any CPU
		Release|Any CPU = Release|Any CPU
	EndGlobalSection
	GlobalSection(ProjectConfigurationPlatforms) = postSolution
		{6DAFDFB2-0036-4326-8282-86B0FB624A39}.Debug|Any CPU.ActiveCfg = Debug|Any CPU
		{6DAFDFB2-0036-4326-8282-86B0FB624A39}.Debug|Any CPU.Build.0 = Debug|Any CPU
		{6DAFDFB2-0036-4326-8282-86B0FB624A39}.Release|Any CPU.ActiveCfg = Release|Any CPU
		{6DAFDFB2-0036-4326-8282-86B0FB624A39}.Release|Any CPU.Build.0 = Release|Any CPU
		{DE89C974-759E-4F5B-86E1-DB40EC9500B2}.Debug|Any CPU.ActiveCfg = Debug|Any CPU
		{DE89C974-759E-4F5B-86E1-DB40EC9500B2}.Debug|Any CPU.Build.0 = Debug|Any CPU
		{DE89C974-759E-4F5B-86E1-DB40EC9500B2}.Release|Any CPU.ActiveCfg = Release|Any CPU
		{DE89C974-759E-4F5B-86E1-DB40EC9500B2}.Release|Any CPU.Build.0 = Release|Any CPU
	EndGlobalSection
	GlobalSection(SolutionProperties) = preSolution
		HideSolutionNode = FALSE
	EndGlobalSection
EndGlobal
