
Microsoft Visual Studio Solution File, Format Version 12.00
# Visual Studio 2013
VisualStudioVersion = 12.0.20617.1 PREVIEW
MinimumVisualStudioVersion = 10.0.40219.1
Project("{FAE04EC0-301F-11D3-BF4B-00C04F79EFBC}") = "ForumDb.Models", "ForumDb.Models\ForumDb.Models.csproj", "{4104E795-22BE-4EEF-8C2E-7BF5CCE200A3}"
EndProject
Project("{FAE04EC0-301F-11D3-BF4B-00C04F79EFBC}") = "ForumDb.Data", "ForumDb.Data\ForumDb.Data.csproj", "{01BD65F7-64DA-42B9-87DA-7F32E24BF42D}"
EndProject
Project("{FAE04EC0-301F-11D3-BF4B-00C04F79EFBC}") = "ForumDb.WebAPI", "ForumDb.WebAPI\ForumDb.WebAPI.csproj", "{AB1EE538-DEC4-4B22-9932-4485EE75C650}"
EndProject
Project("{FAE04EC0-301F-11D3-BF4B-00C04F79EFBC}") = "Forum.Tests", "Forum.Tests\Forum.Tests.csproj", "{62F086B1-35DD-46A2-91AE-65974D5AD749}"
EndProject
Global
	GlobalSection(SolutionConfigurationPlatforms) = preSolution
		Debug|Any CPU = Debug|Any CPU
		Release|Any CPU = Release|Any CPU
	EndGlobalSection
	GlobalSection(ProjectConfigurationPlatforms) = postSolution
		{4104E795-22BE-4EEF-8C2E-7BF5CCE200A3}.Debug|Any CPU.ActiveCfg = Debug|Any CPU
		{4104E795-22BE-4EEF-8C2E-7BF5CCE200A3}.Debug|Any CPU.Build.0 = Debug|Any CPU
		{4104E795-22BE-4EEF-8C2E-7BF5CCE200A3}.Release|Any CPU.ActiveCfg = Release|Any CPU
		{4104E795-22BE-4EEF-8C2E-7BF5CCE200A3}.Release|Any CPU.Build.0 = Release|Any CPU
		{01BD65F7-64DA-42B9-87DA-7F32E24BF42D}.Debug|Any CPU.ActiveCfg = Debug|Any CPU
		{01BD65F7-64DA-42B9-87DA-7F32E24BF42D}.Debug|Any CPU.Build.0 = Debug|Any CPU
		{01BD65F7-64DA-42B9-87DA-7F32E24BF42D}.Release|Any CPU.ActiveCfg = Release|Any CPU
		{01BD65F7-64DA-42B9-87DA-7F32E24BF42D}.Release|Any CPU.Build.0 = Release|Any CPU
		{AB1EE538-DEC4-4B22-9932-4485EE75C650}.Debug|Any CPU.ActiveCfg = Debug|Any CPU
		{AB1EE538-DEC4-4B22-9932-4485EE75C650}.Debug|Any CPU.Build.0 = Debug|Any CPU
		{AB1EE538-DEC4-4B22-9932-4485EE75C650}.Release|Any CPU.ActiveCfg = Release|Any CPU
		{AB1EE538-DEC4-4B22-9932-4485EE75C650}.Release|Any CPU.Build.0 = Release|Any CPU
		{62F086B1-35DD-46A2-91AE-65974D5AD749}.Debug|Any CPU.ActiveCfg = Debug|Any CPU
		{62F086B1-35DD-46A2-91AE-65974D5AD749}.Debug|Any CPU.Build.0 = Debug|Any CPU
		{62F086B1-35DD-46A2-91AE-65974D5AD749}.Release|Any CPU.ActiveCfg = Release|Any CPU
		{62F086B1-35DD-46A2-91AE-65974D5AD749}.Release|Any CPU.Build.0 = Release|Any CPU
	EndGlobalSection
	GlobalSection(SolutionProperties) = preSolution
		HideSolutionNode = FALSE
	EndGlobalSection
EndGlobal
