
Microsoft Visual Studio Solution File, Format Version 12.00
# Visual Studio 2013
VisualStudioVersion = 12.0.20617.1 PREVIEW
MinimumVisualStudioVersion = 10.0.40219.1
Project("{FAE04EC0-301F-11D3-BF4B-00C04F79EFBC}") = "02.CatalogReaderDOMParser", "02.CatalogReaderDOMParser\02.CatalogReaderDOMParser.csproj", "{268484E1-7A7F-4B67-87D8-385C42F101A3}"
EndProject
Project("{FAE04EC0-301F-11D3-BF4B-00C04F79EFBC}") = "CatalogueLibrary", "CatalogueLibrary\CatalogueLibrary.csproj", "{5495DDD7-10CD-41B9-A67B-AE8B71888F42}"
EndProject
Global
	GlobalSection(SolutionConfigurationPlatforms) = preSolution
		Debug|Any CPU = Debug|Any CPU
		Release|Any CPU = Release|Any CPU
	EndGlobalSection
	GlobalSection(ProjectConfigurationPlatforms) = postSolution
		{268484E1-7A7F-4B67-87D8-385C42F101A3}.Debug|Any CPU.ActiveCfg = Debug|Any CPU
		{268484E1-7A7F-4B67-87D8-385C42F101A3}.Debug|Any CPU.Build.0 = Debug|Any CPU
		{268484E1-7A7F-4B67-87D8-385C42F101A3}.Release|Any CPU.ActiveCfg = Release|Any CPU
		{268484E1-7A7F-4B67-87D8-385C42F101A3}.Release|Any CPU.Build.0 = Release|Any CPU
		{5495DDD7-10CD-41B9-A67B-AE8B71888F42}.Debug|Any CPU.ActiveCfg = Debug|Any CPU
		{5495DDD7-10CD-41B9-A67B-AE8B71888F42}.Debug|Any CPU.Build.0 = Debug|Any CPU
		{5495DDD7-10CD-41B9-A67B-AE8B71888F42}.Release|Any CPU.ActiveCfg = Release|Any CPU
		{5495DDD7-10CD-41B9-A67B-AE8B71888F42}.Release|Any CPU.Build.0 = Release|Any CPU
	EndGlobalSection
	GlobalSection(SolutionProperties) = preSolution
		HideSolutionNode = FALSE
	EndGlobalSection
EndGlobal
