
Microsoft Visual Studio Solution File, Format Version 12.00
# Visual Studio 2013
VisualStudioVersion = 12.0.20617.1 PREVIEW
MinimumVisualStudioVersion = 10.0.40219.1
Project("{FAE04EC0-301F-11D3-BF4B-00C04F79EFBC}") = "Models", "Models\Models.csproj", "{133A6A3A-E842-409E-96F5-F056C10D243E}"
EndProject
Project("{FAE04EC0-301F-11D3-BF4B-00C04F79EFBC}") = "Data", "Data\Data.csproj", "{2367C518-E2E6-4C75-8DFE-3D4EE97FCDA8}"
EndProject
Project("{FAE04EC0-301F-11D3-BF4B-00C04F79EFBC}") = "ATMApplication", "ATMApplication\ATMApplication.csproj", "{E42590E1-1D9F-4417-B3C8-05119DE2D786}"
EndProject
Global
	GlobalSection(SolutionConfigurationPlatforms) = preSolution
		Debug|Any CPU = Debug|Any CPU
		Release|Any CPU = Release|Any CPU
	EndGlobalSection
	GlobalSection(ProjectConfigurationPlatforms) = postSolution
		{133A6A3A-E842-409E-96F5-F056C10D243E}.Debug|Any CPU.ActiveCfg = Debug|Any CPU
		{133A6A3A-E842-409E-96F5-F056C10D243E}.Debug|Any CPU.Build.0 = Debug|Any CPU
		{133A6A3A-E842-409E-96F5-F056C10D243E}.Release|Any CPU.ActiveCfg = Release|Any CPU
		{133A6A3A-E842-409E-96F5-F056C10D243E}.Release|Any CPU.Build.0 = Release|Any CPU
		{2367C518-E2E6-4C75-8DFE-3D4EE97FCDA8}.Debug|Any CPU.ActiveCfg = Debug|Any CPU
		{2367C518-E2E6-4C75-8DFE-3D4EE97FCDA8}.Debug|Any CPU.Build.0 = Debug|Any CPU
		{2367C518-E2E6-4C75-8DFE-3D4EE97FCDA8}.Release|Any CPU.ActiveCfg = Release|Any CPU
		{2367C518-E2E6-4C75-8DFE-3D4EE97FCDA8}.Release|Any CPU.Build.0 = Release|Any CPU
		{E42590E1-1D9F-4417-B3C8-05119DE2D786}.Debug|Any CPU.ActiveCfg = Debug|Any CPU
		{E42590E1-1D9F-4417-B3C8-05119DE2D786}.Debug|Any CPU.Build.0 = Debug|Any CPU
		{E42590E1-1D9F-4417-B3C8-05119DE2D786}.Release|Any CPU.ActiveCfg = Release|Any CPU
		{E42590E1-1D9F-4417-B3C8-05119DE2D786}.Release|Any CPU.Build.0 = Release|Any CPU
	EndGlobalSection
	GlobalSection(SolutionProperties) = preSolution
		HideSolutionNode = FALSE
	EndGlobalSection
EndGlobal
