
Microsoft Visual Studio Solution File, Format Version 12.00
# Visual Studio 2012
Project("{FAE04EC0-301F-11D3-BF4B-00C04F79EFBC}") = "01.KnapsackProblem", "01.KnapsackProblem\01.KnapsackProblem.csproj", "{5CB1429E-9DAC-460C-B2CC-CAA511C1F224}"
EndProject
Project("{FAE04EC0-301F-11D3-BF4B-00C04F79EFBC}") = "02.MinimumEditDistance", "02.MinimumEditDistance\02.MinimumEditDistance.csproj", "{A6B3002A-3714-4532-BBCF-C4D9FCB1552B}"
EndProject
Global
	GlobalSection(SolutionConfigurationPlatforms) = preSolution
		Debug|Any CPU = Debug|Any CPU
		Release|Any CPU = Release|Any CPU
	EndGlobalSection
	GlobalSection(ProjectConfigurationPlatforms) = postSolution
		{5CB1429E-9DAC-460C-B2CC-CAA511C1F224}.Debug|Any CPU.ActiveCfg = Debug|Any CPU
		{5CB1429E-9DAC-460C-B2CC-CAA511C1F224}.Debug|Any CPU.Build.0 = Debug|Any CPU
		{5CB1429E-9DAC-460C-B2CC-CAA511C1F224}.Release|Any CPU.ActiveCfg = Release|Any CPU
		{5CB1429E-9DAC-460C-B2CC-CAA511C1F224}.Release|Any CPU.Build.0 = Release|Any CPU
		{A6B3002A-3714-4532-BBCF-C4D9FCB1552B}.Debug|Any CPU.ActiveCfg = Debug|Any CPU
		{A6B3002A-3714-4532-BBCF-C4D9FCB1552B}.Debug|Any CPU.Build.0 = Debug|Any CPU
		{A6B3002A-3714-4532-BBCF-C4D9FCB1552B}.Release|Any CPU.ActiveCfg = Release|Any CPU
		{A6B3002A-3714-4532-BBCF-C4D9FCB1552B}.Release|Any CPU.Build.0 = Release|Any CPU
	EndGlobalSection
	GlobalSection(SolutionProperties) = preSolution
		HideSolutionNode = FALSE
	EndGlobalSection
EndGlobal
