
Microsoft Visual Studio Solution File, Format Version 12.00
# Visual Studio 2012
Project("{FAE04EC0-301F-11D3-BF4B-00C04F79EFBC}") = "01.MobilePhoneInfo", "01.MobilePhoneInfo\01.MobilePhoneInfo.csproj", "{2AA84522-57EB-49EA-A8B4-120E774FB391}"
EndProject
Project("{FAE04EC0-301F-11D3-BF4B-00C04F79EFBC}") = "02.PhoneInfoConstructors", "02.PhoneInfoConstructors\02.PhoneInfoConstructors.csproj", "{4C149A27-C317-43ED-BAF7-B65A383C792B}"
EndProject
Project("{FAE04EC0-301F-11D3-BF4B-00C04F79EFBC}") = "03.BatteryTypeEnumeration", "03.BatteryTypeEnumeration\03.BatteryTypeEnumeration.csproj", "{8091BB27-FC6B-45DD-89FE-A511007FAA2B}"
EndProject
Project("{FAE04EC0-301F-11D3-BF4B-00C04F79EFBC}") = "04.ToStringOverride", "04.ToStringOverride\04.ToStringOverride.csproj", "{322D3EE9-4CBB-4968-A9E9-085C247555B9}"
EndProject
Project("{FAE04EC0-301F-11D3-BF4B-00C04F79EFBC}") = "05.PropertyEncapsulation", "05.PropertyEncapsulation\05.PropertyEncapsulation.csproj", "{875F1E02-E826-48D8-8538-FC7AA3A6D95B}"
EndProject
Project("{FAE04EC0-301F-11D3-BF4B-00C04F79EFBC}") = "06.Iphone4SClass", "06.Iphone4SClass\06.Iphone4SClass.csproj", "{60EAFC67-D85D-425C-ABAB-B18B27E3C045}"
EndProject
Project("{FAE04EC0-301F-11D3-BF4B-00C04F79EFBC}") = "07.GSMTest", "07.GSMTest\07.GSMTest.csproj", "{26FD564A-9E60-49F3-886D-835490084D61}"
EndProject
Project("{FAE04EC0-301F-11D3-BF4B-00C04F79EFBC}") = "08.CallClass", "08.CallClass\08.CallClass.csproj", "{91DD4EE0-234F-4390-916C-43302507A314}"
EndProject
Project("{FAE04EC0-301F-11D3-BF4B-00C04F79EFBC}") = "09.CallHistoryProperty", "09.CallHistoryProperty\09.CallHistoryProperty.csproj", "{59073D82-F584-4447-8A6F-2171B6B0E6B2}"
EndProject
Project("{FAE04EC0-301F-11D3-BF4B-00C04F79EFBC}") = "10.AddRemoveClearMethods", "10.AddRemoveClearMethods\10.AddRemoveClearMethods.csproj", "{3FD97761-9AF7-46B9-883D-1A53DAC2485F}"
EndProject
Project("{FAE04EC0-301F-11D3-BF4B-00C04F79EFBC}") = "11.PriceCalculation", "11.PriceCalculation\11.PriceCalculation.csproj", "{AF724B6E-058F-41E1-AF45-EAD1BEA95287}"
EndProject
Project("{FAE04EC0-301F-11D3-BF4B-00C04F79EFBC}") = "12.GSMCallHistoryTest", "12.GSMCallHistoryTest\12.GSMCallHistoryTest.csproj", "{E59F8138-259C-4DC3-B4D5-3581553705FE}"
EndProject
Global
	GlobalSection(SolutionConfigurationPlatforms) = preSolution
		Debug|Any CPU = Debug|Any CPU
		Release|Any CPU = Release|Any CPU
	EndGlobalSection
	GlobalSection(ProjectConfigurationPlatforms) = postSolution
		{2AA84522-57EB-49EA-A8B4-120E774FB391}.Debug|Any CPU.ActiveCfg = Debug|Any CPU
		{2AA84522-57EB-49EA-A8B4-120E774FB391}.Debug|Any CPU.Build.0 = Debug|Any CPU
		{2AA84522-57EB-49EA-A8B4-120E774FB391}.Release|Any CPU.ActiveCfg = Release|Any CPU
		{2AA84522-57EB-49EA-A8B4-120E774FB391}.Release|Any CPU.Build.0 = Release|Any CPU
		{4C149A27-C317-43ED-BAF7-B65A383C792B}.Debug|Any CPU.ActiveCfg = Debug|Any CPU
		{4C149A27-C317-43ED-BAF7-B65A383C792B}.Debug|Any CPU.Build.0 = Debug|Any CPU
		{4C149A27-C317-43ED-BAF7-B65A383C792B}.Release|Any CPU.ActiveCfg = Release|Any CPU
		{4C149A27-C317-43ED-BAF7-B65A383C792B}.Release|Any CPU.Build.0 = Release|Any CPU
		{8091BB27-FC6B-45DD-89FE-A511007FAA2B}.Debug|Any CPU.ActiveCfg = Debug|Any CPU
		{8091BB27-FC6B-45DD-89FE-A511007FAA2B}.Debug|Any CPU.Build.0 = Debug|Any CPU
		{8091BB27-FC6B-45DD-89FE-A511007FAA2B}.Release|Any CPU.ActiveCfg = Release|Any CPU
		{8091BB27-FC6B-45DD-89FE-A511007FAA2B}.Release|Any CPU.Build.0 = Release|Any CPU
		{322D3EE9-4CBB-4968-A9E9-085C247555B9}.Debug|Any CPU.ActiveCfg = Debug|Any CPU
		{322D3EE9-4CBB-4968-A9E9-085C247555B9}.Debug|Any CPU.Build.0 = Debug|Any CPU
		{322D3EE9-4CBB-4968-A9E9-085C247555B9}.Release|Any CPU.ActiveCfg = Release|Any CPU
		{322D3EE9-4CBB-4968-A9E9-085C247555B9}.Release|Any CPU.Build.0 = Release|Any CPU
		{875F1E02-E826-48D8-8538-FC7AA3A6D95B}.Debug|Any CPU.ActiveCfg = Debug|Any CPU
		{875F1E02-E826-48D8-8538-FC7AA3A6D95B}.Debug|Any CPU.Build.0 = Debug|Any CPU
		{875F1E02-E826-48D8-8538-FC7AA3A6D95B}.Release|Any CPU.ActiveCfg = Release|Any CPU
		{875F1E02-E826-48D8-8538-FC7AA3A6D95B}.Release|Any CPU.Build.0 = Release|Any CPU
		{60EAFC67-D85D-425C-ABAB-B18B27E3C045}.Debug|Any CPU.ActiveCfg = Debug|Any CPU
		{60EAFC67-D85D-425C-ABAB-B18B27E3C045}.Debug|Any CPU.Build.0 = Debug|Any CPU
		{60EAFC67-D85D-425C-ABAB-B18B27E3C045}.Release|Any CPU.ActiveCfg = Release|Any CPU
		{60EAFC67-D85D-425C-ABAB-B18B27E3C045}.Release|Any CPU.Build.0 = Release|Any CPU
		{26FD564A-9E60-49F3-886D-835490084D61}.Debug|Any CPU.ActiveCfg = Debug|Any CPU
		{26FD564A-9E60-49F3-886D-835490084D61}.Debug|Any CPU.Build.0 = Debug|Any CPU
		{26FD564A-9E60-49F3-886D-835490084D61}.Release|Any CPU.ActiveCfg = Release|Any CPU
		{26FD564A-9E60-49F3-886D-835490084D61}.Release|Any CPU.Build.0 = Release|Any CPU
		{91DD4EE0-234F-4390-916C-43302507A314}.Debug|Any CPU.ActiveCfg = Debug|Any CPU
		{91DD4EE0-234F-4390-916C-43302507A314}.Debug|Any CPU.Build.0 = Debug|Any CPU
		{91DD4EE0-234F-4390-916C-43302507A314}.Release|Any CPU.ActiveCfg = Release|Any CPU
		{91DD4EE0-234F-4390-916C-43302507A314}.Release|Any CPU.Build.0 = Release|Any CPU
		{59073D82-F584-4447-8A6F-2171B6B0E6B2}.Debug|Any CPU.ActiveCfg = Debug|Any CPU
		{59073D82-F584-4447-8A6F-2171B6B0E6B2}.Debug|Any CPU.Build.0 = Debug|Any CPU
		{59073D82-F584-4447-8A6F-2171B6B0E6B2}.Release|Any CPU.ActiveCfg = Release|Any CPU
		{59073D82-F584-4447-8A6F-2171B6B0E6B2}.Release|Any CPU.Build.0 = Release|Any CPU
		{3FD97761-9AF7-46B9-883D-1A53DAC2485F}.Debug|Any CPU.ActiveCfg = Debug|Any CPU
		{3FD97761-9AF7-46B9-883D-1A53DAC2485F}.Debug|Any CPU.Build.0 = Debug|Any CPU
		{3FD97761-9AF7-46B9-883D-1A53DAC2485F}.Release|Any CPU.ActiveCfg = Release|Any CPU
		{3FD97761-9AF7-46B9-883D-1A53DAC2485F}.Release|Any CPU.Build.0 = Release|Any CPU
		{AF724B6E-058F-41E1-AF45-EAD1BEA95287}.Debug|Any CPU.ActiveCfg = Debug|Any CPU
		{AF724B6E-058F-41E1-AF45-EAD1BEA95287}.Debug|Any CPU.Build.0 = Debug|Any CPU
		{AF724B6E-058F-41E1-AF45-EAD1BEA95287}.Release|Any CPU.ActiveCfg = Release|Any CPU
		{AF724B6E-058F-41E1-AF45-EAD1BEA95287}.Release|Any CPU.Build.0 = Release|Any CPU
		{E59F8138-259C-4DC3-B4D5-3581553705FE}.Debug|Any CPU.ActiveCfg = Debug|Any CPU
		{E59F8138-259C-4DC3-B4D5-3581553705FE}.Debug|Any CPU.Build.0 = Debug|Any CPU
		{E59F8138-259C-4DC3-B4D5-3581553705FE}.Release|Any CPU.ActiveCfg = Release|Any CPU
		{E59F8138-259C-4DC3-B4D5-3581553705FE}.Release|Any CPU.Build.0 = Release|Any CPU
	EndGlobalSection
	GlobalSection(SolutionProperties) = preSolution
		HideSolutionNode = FALSE
	EndGlobalSection
EndGlobal
