
Microsoft Visual Studio Solution File, Format Version 12.00
# Visual Studio 2012
Project("{FAE04EC0-301F-11D3-BF4B-00C04F79EFBC}") = "BattleGame.Server", "BattleGame.Server\BattleGame.Server.csproj", "{696A232F-3494-48D2-ACB3-9F5736900242}"
EndProject
Project("{FAE04EC0-301F-11D3-BF4B-00C04F79EFBC}") = "BattleGame.WebClient", "BattleGame.WebClient\BattleGame.WebClient.csproj", "{D033C92B-DB1A-4720-A216-B30CE5857CFD}"
EndProject
Global
	GlobalSection(SolutionConfigurationPlatforms) = preSolution
		Debug|Any CPU = Debug|Any CPU
		Release|Any CPU = Release|Any CPU
	EndGlobalSection
	GlobalSection(ProjectConfigurationPlatforms) = postSolution
		{696A232F-3494-48D2-ACB3-9F5736900242}.Debug|Any CPU.ActiveCfg = Debug|Any CPU
		{696A232F-3494-48D2-ACB3-9F5736900242}.Debug|Any CPU.Build.0 = Debug|Any CPU
		{696A232F-3494-48D2-ACB3-9F5736900242}.Release|Any CPU.ActiveCfg = Release|Any CPU
		{696A232F-3494-48D2-ACB3-9F5736900242}.Release|Any CPU.Build.0 = Release|Any CPU
		{D033C92B-DB1A-4720-A216-B30CE5857CFD}.Debug|Any CPU.ActiveCfg = Debug|Any CPU
		{D033C92B-DB1A-4720-A216-B30CE5857CFD}.Debug|Any CPU.Build.0 = Debug|Any CPU
		{D033C92B-DB1A-4720-A216-B30CE5857CFD}.Release|Any CPU.ActiveCfg = Release|Any CPU
		{D033C92B-DB1A-4720-A216-B30CE5857CFD}.Release|Any CPU.Build.0 = Release|Any CPU
	EndGlobalSection
	GlobalSection(SolutionProperties) = preSolution
		HideSolutionNode = FALSE
	EndGlobalSection
EndGlobal
